Microsoft Visual Studio Solution File, Format Version 12.00
# Visual Studio 2012
Project("{FAE04EC0-301F-11D3-BF4B-00C04F79EFBC}") = "Pong", "Pong.csproj", "{D2E626F5-4E2D-43CE-A65B-D842AED6B521}"
EndProject
Global
	GlobalSection(SolutionConfigurationPlatforms) = preSolution
	Debug|Any CPU = Debug|Any CPU
	ExportDebug|Any CPU = ExportDebug|Any CPU
	ExportRelease|Any CPU = ExportRelease|Any CPU
	EndGlobalSection
	GlobalSection(ProjectConfigurationPlatforms) = postSolution
		{D2E626F5-4E2D-43CE-A65B-D842AED6B521}.Debug|Any CPU.ActiveCfg = Debug|Any CPU
		{D2E626F5-4E2D-43CE-A65B-D842AED6B521}.Debug|Any CPU.Build.0 = Debug|Any CPU
		{D2E626F5-4E2D-43CE-A65B-D842AED6B521}.ExportDebug|Any CPU.ActiveCfg = ExportDebug|Any CPU
		{D2E626F5-4E2D-43CE-A65B-D842AED6B521}.ExportDebug|Any CPU.Build.0 = ExportDebug|Any CPU
		{D2E626F5-4E2D-43CE-A65B-D842AED6B521}.ExportRelease|Any CPU.ActiveCfg = ExportRelease|Any CPU
		{D2E626F5-4E2D-43CE-A65B-D842AED6B521}.ExportRelease|Any CPU.Build.0 = ExportRelease|Any CPU
	EndGlobalSection
EndGlobal
